
Microsoft Visual Studio Solution File, Format Version 12.00
# Visual Studio Version 16
VisualStudioVersion = 16.0.30717.126
MinimumVisualStudioVersion = 10.0.40219.1
Project("{FAE04EC0-301F-11D3-BF4B-00C04F79EFBC}") = "ConsultaAD", "ConsultaAD\ConsultaAD.csproj", "{94AF1671-2B88-47FB-A597-0F04C4EDDA21}"
EndProject
Global
	GlobalSection(SolutionConfigurationPlatforms) = preSolution
		Debug|Any CPU = Debug|Any CPU
		Release|Any CPU = Release|Any CPU
	EndGlobalSection
	GlobalSection(ProjectConfigurationPlatforms) = postSolution
		{94AF1671-2B88-47FB-A597-0F04C4EDDA21}.Debug|Any CPU.ActiveCfg = Debug|Any CPU
		{94AF1671-2B88-47FB-A597-0F04C4EDDA21}.Debug|Any CPU.Build.0 = Debug|Any CPU
		{94AF1671-2B88-47FB-A597-0F04C4EDDA21}.Release|Any CPU.ActiveCfg = Release|Any CPU
		{94AF1671-2B88-47FB-A597-0F04C4EDDA21}.Release|Any CPU.Build.0 = Release|Any CPU
	EndGlobalSection
	GlobalSection(SolutionProperties) = preSolution
		HideSolutionNode = FALSE
	EndGlobalSection
	GlobalSection(ExtensibilityGlobals) = postSolution
		SolutionGuid = {3372A638-6AC3-44B6-8857-F1E1224D849F}
	EndGlobalSection
EndGlobal
